// !$*UTF8*$!
{
	archiveVersion = 1;
	classes = {
	};
	objectVersion = 56;
	objects = {

/* Begin PBXBuildFile section */
		8E06C0AF2CCFC9D700E9264F /* StateView.swift in Sources */ = {isa = PBXBuildFile; fileRef = 8E06C0AE2CCFC9D700E9264F /* StateView.swift */; };
		8E1ECE412CCD16C100211F5A /* NetworkManager.swift in Sources */ = {isa = PBXBuildFile; fileRef = 8E1ECE402CCD16C100211F5A /* NetworkManager.swift */; };
		8E1ECE472CCE39AB00211F5A /* BaseViewModel.swift in Sources */ = {isa = PBXBuildFile; fileRef = 8E1ECE462CCE39AB00211F5A /* BaseViewModel.swift */; };
		8E1ECE492CCE8CE600211F5A /* ProfileViewModel.swift in Sources */ = {isa = PBXBuildFile; fileRef = 8E1ECE482CCE8CE600211F5A /* ProfileViewModel.swift */; };
		8E42BD542CD851CC00A9EC30 /* DevToken.swift in Sources */ = {isa = PBXBuildFile; fileRef = 8E42BD532CD851CC00A9EC30 /* DevToken.swift */; };
		8E42BD5B2CD8B5A900A9EC30 /* RequestState.swift in Sources */ = {isa = PBXBuildFile; fileRef = 8E42BD5A2CD8B5A500A9EC30 /* RequestState.swift */; };
		8E4FAE572CD3B972008A8E2D /* Login.swift in Sources */ = {isa = PBXBuildFile; fileRef = 8E4FAE562CD3B972008A8E2D /* Login.swift */; };
		8E53F4672CD3335000DFC6AC /* NetworkRequest.swift in Sources */ = {isa = PBXBuildFile; fileRef = 8E53F4662CD3335000DFC6AC /* NetworkRequest.swift */; };
		8E53F4692CD341E400DFC6AC /* User.swift in Sources */ = {isa = PBXBuildFile; fileRef = 8E53F4682CD341E400DFC6AC /* User.swift */; };
		8E53F46B2CD352B600DFC6AC /* NetworkExtension.swift in Sources */ = {isa = PBXBuildFile; fileRef = 8E53F46A2CD352B600DFC6AC /* NetworkExtension.swift */; };
		8E53F46D2CD3598600DFC6AC /* IDummyDataSource.swift in Sources */ = {isa = PBXBuildFile; fileRef = 8E53F46C2CD3598600DFC6AC /* IDummyDataSource.swift */; };
		8E53F4712CD35AF100DFC6AC /* DummyDataSource.swift in Sources */ = {isa = PBXBuildFile; fileRef = 8E53F4702CD35AF100DFC6AC /* DummyDataSource.swift */; };
		8E5429102CD1108E00E3E718 /* Launch Screen.storyboard in Resources */ = {isa = PBXBuildFile; fileRef = 8E54290F2CD1108E00E3E718 /* Launch Screen.storyboard */; };
		8E5429132CD1140E00E3E718 /* SplashView.swift in Sources */ = {isa = PBXBuildFile; fileRef = 8E5429122CD1140E00E3E718 /* SplashView.swift */; };
		8E5429152CD1241100E3E718 /* AuthManager.swift in Sources */ = {isa = PBXBuildFile; fileRef = 8E5429142CD1241100E3E718 /* AuthManager.swift */; };
		8E61B3DF2AE9DB6A005B882D /* SkybaseSwiftUIApp.swift in Sources */ = {isa = PBXBuildFile; fileRef = 8E61B3DE2AE9DB6A005B882D /* SkybaseSwiftUIApp.swift */; };
		8E61B3E32AE9DB6B005B882D /* Assets.xcassets in Resources */ = {isa = PBXBuildFile; fileRef = 8E61B3E22AE9DB6B005B882D /* Assets.xcassets */; };
		8E61B3E62AE9DB6B005B882D /* Preview Assets.xcassets in Resources */ = {isa = PBXBuildFile; fileRef = 8E61B3E52AE9DB6B005B882D /* Preview Assets.xcassets */; };
		8E61B3ED2AE9DB80005B882D /* GithubUserView.swift in Sources */ = {isa = PBXBuildFile; fileRef = 8E61B3EC2AE9DB80005B882D /* GithubUserView.swift */; };
		8E61B3EF2AE9DB8C005B882D /* GithubUserDetailView.swift in Sources */ = {isa = PBXBuildFile; fileRef = 8E61B3EE2AE9DB8C005B882D /* GithubUserDetailView.swift */; };
		8E61B3F52AE9EEDC005B882D /* GitUserItemList.swift in Sources */ = {isa = PBXBuildFile; fileRef = 8E61B3F42AE9EEDC005B882D /* GitUserItemList.swift */; };
		8E674E512CD440A300F26E45 /* KeychainManager.swift in Sources */ = {isa = PBXBuildFile; fileRef = 8E674E502CD440A300F26E45 /* KeychainManager.swift */; };
		8E674E562CD4922400F26E45 /* ViewExtension.swift in Sources */ = {isa = PBXBuildFile; fileRef = 8E674E552CD4922400F26E45 /* ViewExtension.swift */; };
		8E7E7C852CD3152F0093C969 /* TabItemView.swift in Sources */ = {isa = PBXBuildFile; fileRef = 8E7E7C842CD3152F0093C969 /* TabItemView.swift */; };
		8E88938F2CCF064200ABDE77 /* IGithubDataSource.swift in Sources */ = {isa = PBXBuildFile; fileRef = 8E88938E2CCF064200ABDE77 /* IGithubDataSource.swift */; };
		8E8893C72CCF23AF00ABDE77 /* NetworkError.swift in Sources */ = {isa = PBXBuildFile; fileRef = 8E8893C62CCF23AF00ABDE77 /* NetworkError.swift */; };
		8EAA4C052C7FFDFA001223BC /* Repo.swift in Sources */ = {isa = PBXBuildFile; fileRef = 8EAA4C042C7FFDFA001223BC /* Repo.swift */; };
		8EAA4C082C8001DA001223BC /* PreviewProviderExtension.swift in Sources */ = {isa = PBXBuildFile; fileRef = 8EAA4C072C8001DA001223BC /* PreviewProviderExtension.swift */; };
		8EAA4C0A2C8009EB001223BC /* DoubleExtension.swift in Sources */ = {isa = PBXBuildFile; fileRef = 8EAA4C092C8009EB001223BC /* DoubleExtension.swift */; };
		8EAA4C0D2C801249001223BC /* GithubUserViewModel.swift in Sources */ = {isa = PBXBuildFile; fileRef = 8EAA4C0C2C801249001223BC /* GithubUserViewModel.swift */; };
		8EAA4C0F2C8016FD001223BC /* GithubUserDetailViewModel.swift in Sources */ = {isa = PBXBuildFile; fileRef = 8EAA4C0E2C8016FD001223BC /* GithubUserDetailViewModel.swift */; };
		8EBA536A2C7E908200097D62 /* GithubUser.swift in Sources */ = {isa = PBXBuildFile; fileRef = 8EBA53692C7E908200097D62 /* GithubUser.swift */; };
		8EC1C3F92CD9805D00D3F347 /* PaginationList.swift in Sources */ = {isa = PBXBuildFile; fileRef = 8EC1C3F82CD9805D00D3F347 /* PaginationList.swift */; };
		8EC1C3FB2CD9A6C200D3F347 /* CustomProgressView.swift in Sources */ = {isa = PBXBuildFile; fileRef = 8EC1C3FA2CD9A6C200D3F347 /* CustomProgressView.swift */; };
		8EDD5CBD2C7EB5CB005BB57C /* MainNavigationView.swift in Sources */ = {isa = PBXBuildFile; fileRef = 8EDD5CBC2C7EB5CB005BB57C /* MainNavigationView.swift */; };
		8EDD5CC02C7EB61D005BB57C /* ProfileView.swift in Sources */ = {isa = PBXBuildFile; fileRef = 8EDD5CBF2C7EB61D005BB57C /* ProfileView.swift */; };
		8EDD5CC32C7EB667005BB57C /* FavoriteView.swift in Sources */ = {isa = PBXBuildFile; fileRef = 8EDD5CC22C7EB667005BB57C /* FavoriteView.swift */; };
		8EE29B952CD25AA80047E48F /* ColorExtension.swift in Sources */ = {isa = PBXBuildFile; fileRef = 8EE29B942CD25AA80047E48F /* ColorExtension.swift */; };
		8EE29B982CD25B420047E48F /* ImageExtension.swift in Sources */ = {isa = PBXBuildFile; fileRef = 8EE29B972CD25B420047E48F /* ImageExtension.swift */; };
		8EE29B9A2CD2719C0047E48F /* LoginView.swift in Sources */ = {isa = PBXBuildFile; fileRef = 8EE29B992CD2719C0047E48F /* LoginView.swift */; };
		8EE29B9E2CD280BF0047E48F /* LoadingDialog.swift in Sources */ = {isa = PBXBuildFile; fileRef = 8EE29B9D2CD280BF0047E48F /* LoadingDialog.swift */; };
		8EE29BA02CD281650047E48F /* LoginViewModel.swift in Sources */ = {isa = PBXBuildFile; fileRef = 8EE29B9F2CD281650047E48F /* LoginViewModel.swift */; };
		8EF452652C8021F3003FF427 /* GithubDataSource.swift in Sources */ = {isa = PBXBuildFile; fileRef = 8EF452642C8021F3003FF427 /* GithubDataSource.swift */; };
		8EF452672C8030B1003FF427 /* ResponseList.swift in Sources */ = {isa = PBXBuildFile; fileRef = 8EF452662C8030B1003FF427 /* ResponseList.swift */; };
/* End PBXBuildFile section */

/* Begin PBXFileReference section */
		8E06C0AE2CCFC9D700E9264F /* StateView.swift */ = {isa = PBXFileReference; lastKnownFileType = sourcecode.swift; path = StateView.swift; sourceTree = "<group>"; };
		8E1ECE402CCD16C100211F5A /* NetworkManager.swift */ = {isa = PBXFileReference; lastKnownFileType = sourcecode.swift; path = NetworkManager.swift; sourceTree = "<group>"; };
		8E1ECE462CCE39AB00211F5A /* BaseViewModel.swift */ = {isa = PBXFileReference; lastKnownFileType = sourcecode.swift; path = BaseViewModel.swift; sourceTree = "<group>"; };
		8E1ECE482CCE8CE600211F5A /* ProfileViewModel.swift */ = {isa = PBXFileReference; lastKnownFileType = sourcecode.swift; path = ProfileViewModel.swift; sourceTree = "<group>"; };
		8E42BD532CD851CC00A9EC30 /* DevToken.swift */ = {isa = PBXFileReference; lastKnownFileType = sourcecode.swift; path = DevToken.swift; sourceTree = "<group>"; };
		8E42BD5A2CD8B5A500A9EC30 /* RequestState.swift */ = {isa = PBXFileReference; lastKnownFileType = sourcecode.swift; path = RequestState.swift; sourceTree = "<group>"; };
		8E4FAE562CD3B972008A8E2D /* Login.swift */ = {isa = PBXFileReference; lastKnownFileType = sourcecode.swift; path = Login.swift; sourceTree = "<group>"; };
		8E53F4662CD3335000DFC6AC /* NetworkRequest.swift */ = {isa = PBXFileReference; lastKnownFileType = sourcecode.swift; path = NetworkRequest.swift; sourceTree = "<group>"; };
		8E53F4682CD341E400DFC6AC /* User.swift */ = {isa = PBXFileReference; lastKnownFileType = sourcecode.swift; path = User.swift; sourceTree = "<group>"; };
		8E53F46A2CD352B600DFC6AC /* NetworkExtension.swift */ = {isa = PBXFileReference; lastKnownFileType = sourcecode.swift; path = NetworkExtension.swift; sourceTree = "<group>"; };
		8E53F46C2CD3598600DFC6AC /* IDummyDataSource.swift */ = {isa = PBXFileReference; lastKnownFileType = sourcecode.swift; path = IDummyDataSource.swift; sourceTree = "<group>"; };
		8E53F4702CD35AF100DFC6AC /* DummyDataSource.swift */ = {isa = PBXFileReference; lastKnownFileType = sourcecode.swift; path = DummyDataSource.swift; sourceTree = "<group>"; };
		8E54290F2CD1108E00E3E718 /* Launch Screen.storyboard */ = {isa = PBXFileReference; lastKnownFileType = file.storyboard; path = "Launch Screen.storyboard"; sourceTree = "<group>"; };
		8E5429122CD1140E00E3E718 /* SplashView.swift */ = {isa = PBXFileReference; lastKnownFileType = sourcecode.swift; path = SplashView.swift; sourceTree = "<group>"; };
		8E5429142CD1241100E3E718 /* AuthManager.swift */ = {isa = PBXFileReference; lastKnownFileType = sourcecode.swift; path = AuthManager.swift; sourceTree = "<group>"; };
		8E61B3DB2AE9DB6A005B882D /* SkybaseSwiftUI.app */ = {isa = PBXFileReference; explicitFileType = wrapper.application; includeInIndex = 0; path = SkybaseSwiftUI.app; sourceTree = BUILT_PRODUCTS_DIR; };
		8E61B3DE2AE9DB6A005B882D /* SkybaseSwiftUIApp.swift */ = {isa = PBXFileReference; lastKnownFileType = sourcecode.swift; path = SkybaseSwiftUIApp.swift; sourceTree = "<group>"; };
		8E61B3E22AE9DB6B005B882D /* Assets.xcassets */ = {isa = PBXFileReference; lastKnownFileType = folder.assetcatalog; path = Assets.xcassets; sourceTree = "<group>"; };
		8E61B3E52AE9DB6B005B882D /* Preview Assets.xcassets */ = {isa = PBXFileReference; lastKnownFileType = folder.assetcatalog; path = "Preview Assets.xcassets"; sourceTree = "<group>"; };
		8E61B3EC2AE9DB80005B882D /* GithubUserView.swift */ = {isa = PBXFileReference; lastKnownFileType = sourcecode.swift; path = GithubUserView.swift; sourceTree = "<group>"; };
		8E61B3EE2AE9DB8C005B882D /* GithubUserDetailView.swift */ = {isa = PBXFileReference; lastKnownFileType = sourcecode.swift; path = GithubUserDetailView.swift; sourceTree = "<group>"; };
		8E61B3F42AE9EEDC005B882D /* GitUserItemList.swift */ = {isa = PBXFileReference; lastKnownFileType = sourcecode.swift; path = GitUserItemList.swift; sourceTree = "<group>"; };
		8E674E502CD440A300F26E45 /* KeychainManager.swift */ = {isa = PBXFileReference; lastKnownFileType = sourcecode.swift; path = KeychainManager.swift; sourceTree = "<group>"; };
		8E674E552CD4922400F26E45 /* ViewExtension.swift */ = {isa = PBXFileReference; lastKnownFileType = sourcecode.swift; path = ViewExtension.swift; sourceTree = "<group>"; };
		8E7E7C842CD3152F0093C969 /* TabItemView.swift */ = {isa = PBXFileReference; lastKnownFileType = sourcecode.swift; path = TabItemView.swift; sourceTree = "<group>"; };
		8E88938E2CCF064200ABDE77 /* IGithubDataSource.swift */ = {isa = PBXFileReference; lastKnownFileType = sourcecode.swift; path = IGithubDataSource.swift; sourceTree = "<group>"; };
		8E8893C62CCF23AF00ABDE77 /* NetworkError.swift */ = {isa = PBXFileReference; lastKnownFileType = sourcecode.swift; path = NetworkError.swift; sourceTree = "<group>"; };
		8EAA4C042C7FFDFA001223BC /* Repo.swift */ = {isa = PBXFileReference; lastKnownFileType = sourcecode.swift; path = Repo.swift; sourceTree = "<group>"; };
		8EAA4C072C8001DA001223BC /* PreviewProviderExtension.swift */ = {isa = PBXFileReference; lastKnownFileType = sourcecode.swift; path = PreviewProviderExtension.swift; sourceTree = "<group>"; };
		8EAA4C092C8009EB001223BC /* DoubleExtension.swift */ = {isa = PBXFileReference; lastKnownFileType = sourcecode.swift; path = DoubleExtension.swift; sourceTree = "<group>"; };
		8EAA4C0C2C801249001223BC /* GithubUserViewModel.swift */ = {isa = PBXFileReference; lastKnownFileType = sourcecode.swift; path = GithubUserViewModel.swift; sourceTree = "<group>"; };
		8EAA4C0E2C8016FD001223BC /* GithubUserDetailViewModel.swift */ = {isa = PBXFileReference; lastKnownFileType = sourcecode.swift; path = GithubUserDetailViewModel.swift; sourceTree = "<group>"; };
		8EBA53692C7E908200097D62 /* GithubUser.swift */ = {isa = PBXFileReference; lastKnownFileType = sourcecode.swift; path = GithubUser.swift; sourceTree = "<group>"; };
		8EC1C3F82CD9805D00D3F347 /* PaginationList.swift */ = {isa = PBXFileReference; lastKnownFileType = sourcecode.swift; path = PaginationList.swift; sourceTree = "<group>"; };
		8EC1C3FA2CD9A6C200D3F347 /* CustomProgressView.swift */ = {isa = PBXFileReference; lastKnownFileType = sourcecode.swift; path = CustomProgressView.swift; sourceTree = "<group>"; };
		8EDD5CBC2C7EB5CB005BB57C /* MainNavigationView.swift */ = {isa = PBXFileReference; lastKnownFileType = sourcecode.swift; path = MainNavigationView.swift; sourceTree = "<group>"; };
		8EDD5CBF2C7EB61D005BB57C /* ProfileView.swift */ = {isa = PBXFileReference; lastKnownFileType = sourcecode.swift; path = ProfileView.swift; sourceTree = "<group>"; };
		8EDD5CC22C7EB667005BB57C /* FavoriteView.swift */ = {isa = PBXFileReference; lastKnownFileType = sourcecode.swift; path = FavoriteView.swift; sourceTree = "<group>"; };
		8EE29B942CD25AA80047E48F /* ColorExtension.swift */ = {isa = PBXFileReference; lastKnownFileType = sourcecode.swift; path = ColorExtension.swift; sourceTree = "<group>"; };
		8EE29B972CD25B420047E48F /* ImageExtension.swift */ = {isa = PBXFileReference; lastKnownFileType = sourcecode.swift; path = ImageExtension.swift; sourceTree = "<group>"; };
		8EE29B992CD2719C0047E48F /* LoginView.swift */ = {isa = PBXFileReference; lastKnownFileType = sourcecode.swift; path = LoginView.swift; sourceTree = "<group>"; };
		8EE29B9D2CD280BF0047E48F /* LoadingDialog.swift */ = {isa = PBXFileReference; lastKnownFileType = sourcecode.swift; path = LoadingDialog.swift; sourceTree = "<group>"; };
		8EE29B9F2CD281650047E48F /* LoginViewModel.swift */ = {isa = PBXFileReference; lastKnownFileType = sourcecode.swift; path = LoginViewModel.swift; sourceTree = "<group>"; };
		8EF452642C8021F3003FF427 /* GithubDataSource.swift */ = {isa = PBXFileReference; lastKnownFileType = sourcecode.swift; path = GithubDataSource.swift; sourceTree = "<group>"; };
		8EF452662C8030B1003FF427 /* ResponseList.swift */ = {isa = PBXFileReference; lastKnownFileType = sourcecode.swift; path = ResponseList.swift; sourceTree = "<group>"; };
/* End PBXFileReference section */

/* Begin PBXFrameworksBuildPhase section */
		8E61B3D82AE9DB6A005B882D /* Frameworks */ = {
			isa = PBXFrameworksBuildPhase;
			buildActionMask = 2147483647;
			files = (
			);
			runOnlyForDeploymentPostprocessing = 0;
		};
/* End PBXFrameworksBuildPhase section */

/* Begin PBXGroup section */
		8E1ECE3D2CCD162C00211F5A /* Core */ = {
			isa = PBXGroup;
			children = (
				8E674E4F2CD4409300F26E45 /* Database */,
				8EAA4C062C8001C8001223BC /* Extensions */,
			);
			path = Core;
			sourceTree = "<group>";
		};
		8E1ECE3F2CCD164E00211F5A /* Network */ = {
			isa = PBXGroup;
			children = (
				8E1ECE402CCD16C100211F5A /* NetworkManager.swift */,
				8E53F4662CD3335000DFC6AC /* NetworkRequest.swift */,
				8E8893C62CCF23AF00ABDE77 /* NetworkError.swift */,
				8E53F46A2CD352B600DFC6AC /* NetworkExtension.swift */,
			);
			path = Network;
			sourceTree = "<group>";
		};
		8E1ECE422CCDAD2F00211F5A /* Data */ = {
			isa = PBXGroup;
			children = (
				8EF452632C8021D2003FF427 /* DataSources */,
				8E61B3F62AE9F0EF005B882D /* Models */,
			);
			path = Data;
			sourceTree = "<group>";
		};
		8E1ECE432CCDAD6E00211F5A /* Presentation */ = {
			isa = PBXGroup;
			children = (
				8E1ECE442CCDAD8500211F5A /* Components */,
				8E61B3F02AE9E7F5005B882D /* Views */,
			);
			path = Presentation;
			sourceTree = "<group>";
		};
		8E1ECE442CCDAD8500211F5A /* Components */ = {
			isa = PBXGroup;
			children = (
				8E06C0AE2CCFC9D700E9264F /* StateView.swift */,
				8EE29B9D2CD280BF0047E48F /* LoadingDialog.swift */,
				8EC1C3F82CD9805D00D3F347 /* PaginationList.swift */,
				8EC1C3FA2CD9A6C200D3F347 /* CustomProgressView.swift */,
			);
			path = Components;
			sourceTree = "<group>";
		};
		8E1ECE452CCE399D00211F5A /* Base */ = {
			isa = PBXGroup;
			children = (
				8E42BD5A2CD8B5A500A9EC30 /* RequestState.swift */,
				8E1ECE462CCE39AB00211F5A /* BaseViewModel.swift */,
			);
			path = Base;
			sourceTree = "<group>";
		};
		8E42BD522CD8516700A9EC30 /* Dev */ = {
			isa = PBXGroup;
			children = (
				8E42BD532CD851CC00A9EC30 /* DevToken.swift */,
			);
			path = Dev;
			sourceTree = "<group>";
		};
		8E4711532C7FF88C00A729C6 /* GitUser */ = {
			isa = PBXGroup;
			children = (
				8E61B3F22AE9EEB2005B882D /* Detail */,
				8E61B3F12AE9EE9D005B882D /* List */,
			);
			path = GitUser;
			sourceTree = "<group>";
		};
		8E53F46E2CD3598A00DFC6AC /* Github */ = {
			isa = PBXGroup;
			children = (
				8E88938E2CCF064200ABDE77 /* IGithubDataSource.swift */,
				8EF452642C8021F3003FF427 /* GithubDataSource.swift */,
			);
			path = Github;
			sourceTree = "<group>";
		};
		8E53F46F2CD3598F00DFC6AC /* Dummy */ = {
			isa = PBXGroup;
			children = (
				8E53F46C2CD3598600DFC6AC /* IDummyDataSource.swift */,
				8E53F4702CD35AF100DFC6AC /* DummyDataSource.swift */,
			);
			path = Dummy;
			sourceTree = "<group>";
		};
		8E5429112CD113DD00E3E718 /* Splash */ = {
			isa = PBXGroup;
			children = (
				8E5429122CD1140E00E3E718 /* SplashView.swift */,
			);
			path = Splash;
			sourceTree = "<group>";
		};
		8E61B3D22AE9DB6A005B882D = {
			isa = PBXGroup;
			children = (
				8E61B3DD2AE9DB6A005B882D /* SkybaseSwiftUI */,
				8E61B3DC2AE9DB6A005B882D /* Products */,
			);
			sourceTree = "<group>";
		};
		8E61B3DC2AE9DB6A005B882D /* Products */ = {
			isa = PBXGroup;
			children = (
				8E61B3DB2AE9DB6A005B882D /* SkybaseSwiftUI.app */,
			);
			name = Products;
			sourceTree = "<group>";
		};
		8E61B3DD2AE9DB6A005B882D /* SkybaseSwiftUI */ = {
			isa = PBXGroup;
			children = (
				8E42BD522CD8516700A9EC30 /* Dev */,
				8EE29B9B2CD27D680047E48F /* Config */,
				8E1ECE3D2CCD162C00211F5A /* Core */,
				8E1ECE422CCDAD2F00211F5A /* Data */,
				8E1ECE432CCDAD6E00211F5A /* Presentation */,
				8E61B3DE2AE9DB6A005B882D /* SkybaseSwiftUIApp.swift */,
				8E54290F2CD1108E00E3E718 /* Launch Screen.storyboard */,
				8E61B3E22AE9DB6B005B882D /* Assets.xcassets */,
				8E61B3E42AE9DB6B005B882D /* Preview Content */,
			);
			path = SkybaseSwiftUI;
			sourceTree = "<group>";
		};
		8E61B3E42AE9DB6B005B882D /* Preview Content */ = {
			isa = PBXGroup;
			children = (
				8E61B3E52AE9DB6B005B882D /* Preview Assets.xcassets */,
			);
			path = "Preview Content";
			sourceTree = "<group>";
		};
		8E61B3F02AE9E7F5005B882D /* Views */ = {
			isa = PBXGroup;
			children = (
				8EAA4C032C7FFAAB001223BC /* Login */,
				8E4711532C7FF88C00A729C6 /* GitUser */,
				8EDD5CC12C7EB65B005BB57C /* Favorite */,
				8EDD5CBE2C7EB611005BB57C /* Profile */,
				8EDD5CBB2C7EB5B3005BB57C /* MainNavigation */,
				8E5429112CD113DD00E3E718 /* Splash */,
			);
			path = Views;
			sourceTree = "<group>";
		};
		8E61B3F12AE9EE9D005B882D /* List */ = {
			isa = PBXGroup;
			children = (
				8E61B3F32AE9EEBF005B882D /* Components */,
				8E61B3EC2AE9DB80005B882D /* GithubUserView.swift */,
				8EAA4C0C2C801249001223BC /* GithubUserViewModel.swift */,
			);
			path = List;
			sourceTree = "<group>";
		};
		8E61B3F22AE9EEB2005B882D /* Detail */ = {
			isa = PBXGroup;
			children = (
				8E61B3EE2AE9DB8C005B882D /* GithubUserDetailView.swift */,
				8EAA4C0E2C8016FD001223BC /* GithubUserDetailViewModel.swift */,
			);
			path = Detail;
			sourceTree = "<group>";
		};
		8E61B3F32AE9EEBF005B882D /* Components */ = {
			isa = PBXGroup;
			children = (
				8E61B3F42AE9EEDC005B882D /* GitUserItemList.swift */,
			);
			path = Components;
			sourceTree = "<group>";
		};
		8E61B3F62AE9F0EF005B882D /* Models */ = {
			isa = PBXGroup;
			children = (
				8EBA53692C7E908200097D62 /* GithubUser.swift */,
				8EAA4C042C7FFDFA001223BC /* Repo.swift */,
				8EF452662C8030B1003FF427 /* ResponseList.swift */,
				8E53F4682CD341E400DFC6AC /* User.swift */,
				8E4FAE562CD3B972008A8E2D /* Login.swift */,
			);
			path = Models;
			sourceTree = "<group>";
		};
		8E674E4F2CD4409300F26E45 /* Database */ = {
			isa = PBXGroup;
			children = (
				8E674E502CD440A300F26E45 /* KeychainManager.swift */,
			);
			path = Database;
			sourceTree = "<group>";
		};
		8E7E7C832CD315190093C969 /* Components */ = {
			isa = PBXGroup;
			children = (
				8E7E7C842CD3152F0093C969 /* TabItemView.swift */,
			);
			path = Components;
			sourceTree = "<group>";
		};
		8EAA4C032C7FFAAB001223BC /* Login */ = {
			isa = PBXGroup;
			children = (
				8EE29B992CD2719C0047E48F /* LoginView.swift */,
				8EE29B9F2CD281650047E48F /* LoginViewModel.swift */,
			);
			path = Login;
			sourceTree = "<group>";
		};
		8EAA4C062C8001C8001223BC /* Extensions */ = {
			isa = PBXGroup;
			children = (
				8EAA4C072C8001DA001223BC /* PreviewProviderExtension.swift */,
				8EAA4C092C8009EB001223BC /* DoubleExtension.swift */,
				8E674E552CD4922400F26E45 /* ViewExtension.swift */,
			);
			path = Extensions;
			sourceTree = "<group>";
		};
		8EDD5CBB2C7EB5B3005BB57C /* MainNavigation */ = {
			isa = PBXGroup;
			children = (
				8E7E7C832CD315190093C969 /* Components */,
				8EDD5CBC2C7EB5CB005BB57C /* MainNavigationView.swift */,
			);
			path = MainNavigation;
			sourceTree = "<group>";
		};
		8EDD5CBE2C7EB611005BB57C /* Profile */ = {
			isa = PBXGroup;
			children = (
				8EDD5CBF2C7EB61D005BB57C /* ProfileView.swift */,
				8E1ECE482CCE8CE600211F5A /* ProfileViewModel.swift */,
			);
			path = Profile;
			sourceTree = "<group>";
		};
		8EDD5CC12C7EB65B005BB57C /* Favorite */ = {
			isa = PBXGroup;
			children = (
				8EDD5CC22C7EB667005BB57C /* FavoriteView.swift */,
			);
			path = Favorite;
			sourceTree = "<group>";
		};
		8EE29B932CD25A910047E48F /* Theme */ = {
			isa = PBXGroup;
			children = (
				8EE29B942CD25AA80047E48F /* ColorExtension.swift */,
			);
			path = Theme;
			sourceTree = "<group>";
		};
		8EE29B962CD25B330047E48F /* Assets */ = {
			isa = PBXGroup;
			children = (
				8EE29B972CD25B420047E48F /* ImageExtension.swift */,
			);
			path = Assets;
			sourceTree = "<group>";
		};
		8EE29B9B2CD27D680047E48F /* Config */ = {
			isa = PBXGroup;
			children = (
				8EE29B962CD25B330047E48F /* Assets */,
				8EE29B9C2CD27D6D0047E48F /* AuthManager */,
				8E1ECE452CCE399D00211F5A /* Base */,
				8E1ECE3F2CCD164E00211F5A /* Network */,
				8EE29B932CD25A910047E48F /* Theme */,
			);
			path = Config;
			sourceTree = "<group>";
		};
		8EE29B9C2CD27D6D0047E48F /* AuthManager */ = {
			isa = PBXGroup;
			children = (
				8E5429142CD1241100E3E718 /* AuthManager.swift */,
			);
			path = AuthManager;
			sourceTree = "<group>";
		};
		8EF452632C8021D2003FF427 /* DataSources */ = {
			isa = PBXGroup;
			children = (
				8E53F46F2CD3598F00DFC6AC /* Dummy */,
				8E53F46E2CD3598A00DFC6AC /* Github */,
			);
			path = DataSources;
			sourceTree = "<group>";
		};
/* End PBXGroup section */

/* Begin PBXNativeTarget section */
		8E61B3DA2AE9DB6A005B882D /* SkybaseSwiftUI */ = {
			isa = PBXNativeTarget;
			buildConfigurationList = 8E61B3E92AE9DB6B005B882D /* Build configuration list for PBXNativeTarget "SkybaseSwiftUI" */;
			buildPhases = (
				8E61B3D72AE9DB6A005B882D /* Sources */,
				8E61B3D82AE9DB6A005B882D /* Frameworks */,
				8E61B3D92AE9DB6A005B882D /* Resources */,
			);
			buildRules = (
			);
			dependencies = (
			);
			name = SkybaseSwiftUI;
			productName = LearSwift;
			productReference = 8E61B3DB2AE9DB6A005B882D /* SkybaseSwiftUI.app */;
			productType = "com.apple.product-type.application";
		};
/* End PBXNativeTarget section */

/* Begin PBXProject section */
		8E61B3D32AE9DB6A005B882D /* Project object */ = {
			isa = PBXProject;
			attributes = {
				BuildIndependentTargetsInParallel = 1;
				LastSwiftUpdateCheck = 1430;
				LastUpgradeCheck = 1430;
				TargetAttributes = {
					8E61B3DA2AE9DB6A005B882D = {
						CreatedOnToolsVersion = 14.3;
					};
				};
			};
			buildConfigurationList = 8E61B3D62AE9DB6A005B882D /* Build configuration list for PBXProject "SkybaseSwiftUI" */;
			compatibilityVersion = "Xcode 14.0";
			developmentRegion = en;
			hasScannedForEncodings = 0;
			knownRegions = (
				en,
				Base,
			);
			mainGroup = 8E61B3D22AE9DB6A005B882D;
			productRefGroup = 8E61B3DC2AE9DB6A005B882D /* Products */;
			projectDirPath = "";
			projectRoot = "";
			targets = (
				8E61B3DA2AE9DB6A005B882D /* SkybaseSwiftUI */,
			);
		};
/* End PBXProject section */

/* Begin PBXResourcesBuildPhase section */
		8E61B3D92AE9DB6A005B882D /* Resources */ = {
			isa = PBXResourcesBuildPhase;
			buildActionMask = 2147483647;
			files = (
				8E5429102CD1108E00E3E718 /* Launch Screen.storyboard in Resources */,
				8E61B3E62AE9DB6B005B882D /* Preview Assets.xcassets in Resources */,
				8E61B3E32AE9DB6B005B882D /* Assets.xcassets in Resources */,
			);
			runOnlyForDeploymentPostprocessing = 0;
		};
/* End PBXResourcesBuildPhase section */

/* Begin PBXSourcesBuildPhase section */
		8E61B3D72AE9DB6A005B882D /* Sources */ = {
			isa = PBXSourcesBuildPhase;
			buildActionMask = 2147483647;
			files = (
				8EE29B9E2CD280BF0047E48F /* LoadingDialog.swift in Sources */,
				8E42BD542CD851CC00A9EC30 /* DevToken.swift in Sources */,
				8EDD5CC32C7EB667005BB57C /* FavoriteView.swift in Sources */,
				8E1ECE492CCE8CE600211F5A /* ProfileViewModel.swift in Sources */,
				8E61B3EF2AE9DB8C005B882D /* GithubUserDetailView.swift in Sources */,
				8E53F4692CD341E400DFC6AC /* User.swift in Sources */,
				8E53F4672CD3335000DFC6AC /* NetworkRequest.swift in Sources */,
				8EAA4C0D2C801249001223BC /* GithubUserViewModel.swift in Sources */,
				8EE29B952CD25AA80047E48F /* ColorExtension.swift in Sources */,
				8EDD5CBD2C7EB5CB005BB57C /* MainNavigationView.swift in Sources */,
				8EAA4C0A2C8009EB001223BC /* DoubleExtension.swift in Sources */,
				8E7E7C852CD3152F0093C969 /* TabItemView.swift in Sources */,
				8E674E562CD4922400F26E45 /* ViewExtension.swift in Sources */,
				8E674E512CD440A300F26E45 /* KeychainManager.swift in Sources */,
				8E53F46B2CD352B600DFC6AC /* NetworkExtension.swift in Sources */,
				8E42BD5B2CD8B5A900A9EC30 /* RequestState.swift in Sources */,
				8E1ECE472CCE39AB00211F5A /* BaseViewModel.swift in Sources */,
				8E61B3DF2AE9DB6A005B882D /* SkybaseSwiftUIApp.swift in Sources */,
				8E4FAE572CD3B972008A8E2D /* Login.swift in Sources */,
				8E61B3F52AE9EEDC005B882D /* GitUserItemList.swift in Sources */,
				8EF452652C8021F3003FF427 /* GithubDataSource.swift in Sources */,
				8EF452672C8030B1003FF427 /* ResponseList.swift in Sources */,
				8E1ECE412CCD16C100211F5A /* NetworkManager.swift in Sources */,
				8E88938F2CCF064200ABDE77 /* IGithubDataSource.swift in Sources */,
				8EE29B982CD25B420047E48F /* ImageExtension.swift in Sources */,
				8EBA536A2C7E908200097D62 /* GithubUser.swift in Sources */,
				8E5429152CD1241100E3E718 /* AuthManager.swift in Sources */,
				8E8893C72CCF23AF00ABDE77 /* NetworkError.swift in Sources */,
				8EC1C3F92CD9805D00D3F347 /* PaginationList.swift in Sources */,
				8E06C0AF2CCFC9D700E9264F /* StateView.swift in Sources */,
				8EE29BA02CD281650047E48F /* LoginViewModel.swift in Sources */,
				8E5429132CD1140E00E3E718 /* SplashView.swift in Sources */,
				8EE29B9A2CD2719C0047E48F /* LoginView.swift in Sources */,
				8EDD5CC02C7EB61D005BB57C /* ProfileView.swift in Sources */,
				8E53F4712CD35AF100DFC6AC /* DummyDataSource.swift in Sources */,
				8EAA4C052C7FFDFA001223BC /* Repo.swift in Sources */,
				8E61B3ED2AE9DB80005B882D /* GithubUserView.swift in Sources */,
				8EAA4C082C8001DA001223BC /* PreviewProviderExtension.swift in Sources */,
				8EAA4C0F2C8016FD001223BC /* GithubUserDetailViewModel.swift in Sources */,
				8E53F46D2CD3598600DFC6AC /* IDummyDataSource.swift in Sources */,
				8EC1C3FB2CD9A6C200D3F347 /* CustomProgressView.swift in Sources */,
			);
			runOnlyForDeploymentPostprocessing = 0;
		};
/* End PBXSourcesBuildPhase section */

/* Begin XCBuildConfiguration section */
		8E61B3E72AE9DB6B005B882D /* Debug */ = {
			isa = XCBuildConfiguration;
			buildSettings = {
				ALWAYS_SEARCH_USER_PATHS = NO;
				CLANG_ANALYZER_NONNULL = YES;
				CLANG_ANALYZER_NUMBER_OBJECT_CONVERSION = YES_AGGRESSIVE;
				CLANG_CXX_LANGUAGE_STANDARD = "gnu++20";
				CLANG_ENABLE_MODULES = YES;
				CLANG_ENABLE_OBJC_ARC = YES;
				CLANG_ENABLE_OBJC_WEAK = YES;
				CLANG_WARN_BLOCK_CAPTURE_AUTORELEASING = YES;
				CLANG_WARN_BOOL_CONVERSION = YES;
				CLANG_WARN_COMMA = YES;
				CLANG_WARN_CONSTANT_CONVERSION = YES;
				CLANG_WARN_DEPRECATED_OBJC_IMPLEMENTATIONS = YES;
				CLANG_WARN_DIRECT_OBJC_ISA_USAGE = YES_ERROR;
				CLANG_WARN_DOCUMENTATION_COMMENTS = YES;
				CLANG_WARN_EMPTY_BODY = YES;
				CLANG_WARN_ENUM_CONVERSION = YES;
				CLANG_WARN_INFINITE_RECURSION = YES;
				CLANG_WARN_INT_CONVERSION = YES;
				CLANG_WARN_NON_LITERAL_NULL_CONVERSION = YES;
				CLANG_WARN_OBJC_IMPLICIT_RETAIN_SELF = YES;
				CLANG_WARN_OBJC_LITERAL_CONVERSION = YES;
				CLANG_WARN_OBJC_ROOT_CLASS = YES_ERROR;
				CLANG_WARN_QUOTED_INCLUDE_IN_FRAMEWORK_HEADER = YES;
				CLANG_WARN_RANGE_LOOP_ANALYSIS = YES;
				CLANG_WARN_STRICT_PROTOTYPES = YES;
				CLANG_WARN_SUSPICIOUS_MOVE = YES;
				CLANG_WARN_UNGUARDED_AVAILABILITY = YES_AGGRESSIVE;
				CLANG_WARN_UNREACHABLE_CODE = YES;
				CLANG_WARN__DUPLICATE_METHOD_MATCH = YES;
				COPY_PHASE_STRIP = NO;
				DEBUG_INFORMATION_FORMAT = dwarf;
				ENABLE_STRICT_OBJC_MSGSEND = YES;
				ENABLE_TESTABILITY = YES;
				GCC_C_LANGUAGE_STANDARD = gnu11;
				GCC_DYNAMIC_NO_PIC = NO;
				GCC_NO_COMMON_BLOCKS = YES;
				GCC_OPTIMIZATION_LEVEL = 0;
				GCC_PREPROCESSOR_DEFINITIONS = (
					"DEBUG=1",
					"$(inherited)",
				);
				GCC_WARN_64_TO_32_BIT_CONVERSION = YES;
				GCC_WARN_ABOUT_RETURN_TYPE = YES_ERROR;
				GCC_WARN_UNDECLARED_SELECTOR = YES;
				GCC_WARN_UNINITIALIZED_AUTOS = YES_AGGRESSIVE;
				GCC_WARN_UNUSED_FUNCTION = YES;
				GCC_WARN_UNUSED_VARIABLE = YES;
				IPHONEOS_DEPLOYMENT_TARGET = 16.4;
				MTL_ENABLE_DEBUG_INFO = INCLUDE_SOURCE;
				MTL_FAST_MATH = YES;
				ONLY_ACTIVE_ARCH = YES;
				SDKROOT = iphoneos;
				SWIFT_ACTIVE_COMPILATION_CONDITIONS = DEBUG;
				SWIFT_OPTIMIZATION_LEVEL = "-Onone";
			};
			name = Debug;
		};
		8E61B3E82AE9DB6B005B882D /* Release */ = {
			isa = XCBuildConfiguration;
			buildSettings = {
				ALWAYS_SEARCH_USER_PATHS = NO;
				CLANG_ANALYZER_NONNULL = YES;
				CLANG_ANALYZER_NUMBER_OBJECT_CONVERSION = YES_AGGRESSIVE;
				CLANG_CXX_LANGUAGE_STANDARD = "gnu++20";
				CLANG_ENABLE_MODULES = YES;
				CLANG_ENABLE_OBJC_ARC = YES;
				CLANG_ENABLE_OBJC_WEAK = YES;
				CLANG_WARN_BLOCK_CAPTURE_AUTORELEASING = YES;
				CLANG_WARN_BOOL_CONVERSION = YES;
				CLANG_WARN_COMMA = YES;
				CLANG_WARN_CONSTANT_CONVERSION = YES;
				CLANG_WARN_DEPRECATED_OBJC_IMPLEMENTATIONS = YES;
				CLANG_WARN_DIRECT_OBJC_ISA_USAGE = YES_ERROR;
				CLANG_WARN_DOCUMENTATION_COMMENTS = YES;
				CLANG_WARN_EMPTY_BODY = YES;
				CLANG_WARN_ENUM_CONVERSION = YES;
				CLANG_WARN_INFINITE_RECURSION = YES;
				CLANG_WARN_INT_CONVERSION = YES;
				CLANG_WARN_NON_LITERAL_NULL_CONVERSION = YES;
				CLANG_WARN_OBJC_IMPLICIT_RETAIN_SELF = YES;
				CLANG_WARN_OBJC_LITERAL_CONVERSION = YES;
				CLANG_WARN_OBJC_ROOT_CLASS = YES_ERROR;
				CLANG_WARN_QUOTED_INCLUDE_IN_FRAMEWORK_HEADER = YES;
				CLANG_WARN_RANGE_LOOP_ANALYSIS = YES;
				CLANG_WARN_STRICT_PROTOTYPES = YES;
				CLANG_WARN_SUSPICIOUS_MOVE = YES;
				CLANG_WARN_UNGUARDED_AVAILABILITY = YES_AGGRESSIVE;
				CLANG_WARN_UNREACHABLE_CODE = YES;
				CLANG_WARN__DUPLICATE_METHOD_MATCH = YES;
				COPY_PHASE_STRIP = NO;
				DEBUG_INFORMATION_FORMAT = "dwarf-with-dsym";
				ENABLE_NS_ASSERTIONS = NO;
				ENABLE_STRICT_OBJC_MSGSEND = YES;
				GCC_C_LANGUAGE_STANDARD = gnu11;
				GCC_NO_COMMON_BLOCKS = YES;
				GCC_WARN_64_TO_32_BIT_CONVERSION = YES;
				GCC_WARN_ABOUT_RETURN_TYPE = YES_ERROR;
				GCC_WARN_UNDECLARED_SELECTOR = YES;
				GCC_WARN_UNINITIALIZED_AUTOS = YES_AGGRESSIVE;
				GCC_WARN_UNUSED_FUNCTION = YES;
				GCC_WARN_UNUSED_VARIABLE = YES;
				IPHONEOS_DEPLOYMENT_TARGET = 16.4;
				MTL_ENABLE_DEBUG_INFO = NO;
				MTL_FAST_MATH = YES;
				SDKROOT = iphoneos;
				SWIFT_COMPILATION_MODE = wholemodule;
				SWIFT_OPTIMIZATION_LEVEL = "-O";
				VALIDATE_PRODUCT = YES;
			};
			name = Release;
		};
		8E61B3EA2AE9DB6B005B882D /* Debug */ = {
			isa = XCBuildConfiguration;
			buildSettings = {
				ASSETCATALOG_COMPILER_APPICON_NAME = AppIcon;
				ASSETCATALOG_COMPILER_GLOBAL_ACCENT_COLOR_NAME = AccentColor;
				CODE_SIGN_STYLE = Automatic;
				CURRENT_PROJECT_VERSION = 1;
				DEVELOPMENT_ASSET_PATHS = "\"SkybaseSwiftUI/Preview Content\"";
				ENABLE_PREVIEWS = YES;
				GENERATE_INFOPLIST_FILE = YES;
				INFOPLIST_KEY_UIApplicationSceneManifest_Generation = YES;
				INFOPLIST_KEY_UIApplicationSupportsIndirectInputEvents = YES;
				INFOPLIST_KEY_UILaunchScreen_Generation = YES;
				INFOPLIST_KEY_UILaunchStoryboardName = "Launch Screen.storyboard";
				INFOPLIST_KEY_UISupportedInterfaceOrientations_iPad = "UIInterfaceOrientationPortrait UIInterfaceOrientationPortraitUpsideDown UIInterfaceOrientationLandscapeLeft UIInterfaceOrientationLandscapeRight";
				INFOPLIST_KEY_UISupportedInterfaceOrientations_iPhone = "UIInterfaceOrientationPortrait UIInterfaceOrientationLandscapeLeft UIInterfaceOrientationLandscapeRight";
				LD_RUNPATH_SEARCH_PATHS = (
					"$(inherited)",
					"@executable_path/Frameworks",
				);
				MARKETING_VERSION = 1.0;
				PRODUCT_BUNDLE_IDENTIFIER = com.skybase.ios.SkybaseSwiftUI;
				PRODUCT_NAME = "$(TARGET_NAME)";
				SWIFT_EMIT_LOC_STRINGS = YES;
				SWIFT_VERSION = 5.0;
				TARGETED_DEVICE_FAMILY = "1,2";
			};
			name = Debug;
		};
		8E61B3EB2AE9DB6B005B882D /* Release */ = {
			isa = XCBuildConfiguration;
			buildSettings = {
				ASSETCATALOG_COMPILER_APPICON_NAME = AppIcon;
				ASSETCATALOG_COMPILER_GLOBAL_ACCENT_COLOR_NAME = AccentColor;
				CODE_SIGN_STYLE = Automatic;
				CURRENT_PROJECT_VERSION = 1;
				DEVELOPMENT_ASSET_PATHS = "\"SkybaseSwiftUI/Preview Content\"";
				ENABLE_PREVIEWS = YES;
				GENERATE_INFOPLIST_FILE = YES;
				INFOPLIST_KEY_UIApplicationSceneManifest_Generation = YES;
				INFOPLIST_KEY_UIApplicationSupportsIndirectInputEvents = YES;
				INFOPLIST_KEY_UILaunchScreen_Generation = YES;
				INFOPLIST_KEY_UILaunchStoryboardName = "Launch Screen.storyboard";
				INFOPLIST_KEY_UISupportedInterfaceOrientations_iPad = "UIInterfaceOrientationPortrait UIInterfaceOrientationPortraitUpsideDown UIInterfaceOrientationLandscapeLeft UIInterfaceOrientationLandscapeRight";
				INFOPLIST_KEY_UISupportedInterfaceOrientations_iPhone = "UIInterfaceOrientationPortrait UIInterfaceOrientationLandscapeLeft UIInterfaceOrientationLandscapeRight";
				LD_RUNPATH_SEARCH_PATHS = (
					"$(inherited)",
					"@executable_path/Frameworks",
				);
				MARKETING_VERSION = 1.0;
				PRODUCT_BUNDLE_IDENTIFIER = com.skybase.ios.SkybaseSwiftUI;
				PRODUCT_NAME = "$(TARGET_NAME)";
				SWIFT_EMIT_LOC_STRINGS = YES;
				SWIFT_VERSION = 5.0;
				TARGETED_DEVICE_FAMILY = "1,2";
			};
			name = Release;
		};
/* End XCBuildConfiguration section */

/* Begin XCConfigurationList section */
		8E61B3D62AE9DB6A005B882D /* Build configuration list for PBXProject "SkybaseSwiftUI" */ = {
			isa = XCConfigurationList;
			buildConfigurations = (
				8E61B3E72AE9DB6B005B882D /* Debug */,
				8E61B3E82AE9DB6B005B882D /* Release */,
			);
			defaultConfigurationIsVisible = 0;
			defaultConfigurationName = Release;
		};
		8E61B3E92AE9DB6B005B882D /* Build configuration list for PBXNativeTarget "SkybaseSwiftUI" */ = {
			isa = XCConfigurationList;
			buildConfigurations = (
				8E61B3EA2AE9DB6B005B882D /* Debug */,
				8E61B3EB2AE9DB6B005B882D /* Release */,
			);
			defaultConfigurationIsVisible = 0;
			defaultConfigurationName = Release;
		};
/* End XCConfigurationList section */
	};
	rootObject = 8E61B3D32AE9DB6A005B882D /* Project object */;
}
